PODS:
  - CocoaLumberjack (2.0.0):
    - CocoaLumberjack/Default (= 2.0.0)
    - CocoaLumberjack/Extensions (= 2.0.0)
  - CocoaLumberjack/Core (2.0.0)
  - CocoaLumberjack/Default (2.0.0):
    - CocoaLumberjack/Core
  - CocoaLumberjack/Extensions (2.0.0):
    - CocoaLumberjack/Default
  - OCMock (3.1.2)

DEPENDENCIES:
  - CocoaLumberjack (= 2.0.0)
  - OCMock (~> 3.1.2)

SPEC CHECKSUMS:
  CocoaLumberjack: a6f77d987d65dc7ba86b0f84db7d0b9084f77bcb
  OCMock: a10ea9f0a6e921651f96f78b6faee95ebc813b92

COCOAPODS: 0.38.2
