// !$*UTF8*$!
{
	archiveVersion = 1;
	classes = {
	};
	objectVersion = 46;
	objects = {

/* Begin PBXBuildFile section */
		62E4E4DCD842B96A64352F3A /* Pods_LILKit.framework in Frameworks */ = {isa = PBXBuildFile; fileRef = DD916D9309B46DF15266052E /* Pods_LILKit.framework */; settings = {ATTRIBUTES = (Weak, ); }; };
		852468891BA43C460076E8A4 /* LILMutableArrayDataSource.h in Headers */ = {isa = PBXBuildFile; fileRef = 852468871BA43C460076E8A4 /* LILMutableArrayDataSource.h */; };
		8524688A1BA43C460076E8A4 /* LILMutableArrayDataSource.m in Sources */ = {isa = PBXBuildFile; fileRef = 852468881BA43C460076E8A4 /* LILMutableArrayDataSource.m */; };
		8524688C1BA442000076E8A4 /* LILMutableArrayDataSourceTests.m in Sources */ = {isa = PBXBuildFile; fileRef = 8524688B1BA442000076E8A4 /* LILMutableArrayDataSourceTests.m */; };
		858B29221B89E1970052F05B /* LILStringBoolTransformer.h in Headers */ = {isa = PBXBuildFile; fileRef = 858B29201B89E1970052F05B /* LILStringBoolTransformer.h */; };
		858B29231B89E1970052F05B /* LILStringBoolTransformer.m in Sources */ = {isa = PBXBuildFile; fileRef = 858B29211B89E1970052F05B /* LILStringBoolTransformer.m */; };
		858B29251B89E8CD0052F05B /* LILStringBoolTransformerTests.m in Sources */ = {isa = PBXBuildFile; fileRef = 858B29241B89E8CD0052F05B /* LILStringBoolTransformerTests.m */; };
		859156DC1BA366A800664445 /* LILDataSource.h in Headers */ = {isa = PBXBuildFile; fileRef = 859156DA1BA366A800664445 /* LILDataSource.h */; };
		859156DD1BA366A800664445 /* LILDataSource.m in Sources */ = {isa = PBXBuildFile; fileRef = 859156DB1BA366A800664445 /* LILDataSource.m */; };
		85AD21231B7E9FD900B9D09E /* LILFetchedResultsControllerDataSource.h in Headers */ = {isa = PBXBuildFile; fileRef = 85AD21211B7E9FD900B9D09E /* LILFetchedResultsControllerDataSource.h */; };
		85AD21241B7E9FD900B9D09E /* LILFetchedResultsControllerDataSource.m in Sources */ = {isa = PBXBuildFile; fileRef = 85AD21221B7E9FD900B9D09E /* LILFetchedResultsControllerDataSource.m */; };
		85AD21271B7EA04400B9D09E /* CoreData.framework in Frameworks */ = {isa = PBXBuildFile; fileRef = 85AD21261B7EA04400B9D09E /* CoreData.framework */; };
		85AFCBB91B83564500411AA5 /* LILCoreDataStackTests.m in Sources */ = {isa = PBXBuildFile; fileRef = 85AFCBB81B83564500411AA5 /* LILCoreDataStackTests.m */; };
		85B61FE91B73A65E00B935AE /* LILNSStringAdditionsTests.m in Sources */ = {isa = PBXBuildFile; fileRef = 85B61FE81B73A65E00B935AE /* LILNSStringAdditionsTests.m */; };
		85B61FED1B73F68D00B935AE /* LILUTCDateTransformer.h in Headers */ = {isa = PBXBuildFile; fileRef = 85B61FEB1B73F68D00B935AE /* LILUTCDateTransformer.h */; };
		85B61FEE1B73F68D00B935AE /* LILUTCDateTransformer.m in Sources */ = {isa = PBXBuildFile; fileRef = 85B61FEC1B73F68D00B935AE /* LILUTCDateTransformer.m */; };
		85E8DD261B769894004D3585 /* LILLogFormatter.h in Headers */ = {isa = PBXBuildFile; fileRef = 85E8DD241B769894004D3585 /* LILLogFormatter.h */; };
		85E8DD271B769894004D3585 /* LILLogFormatter.m in Sources */ = {isa = PBXBuildFile; fileRef = 85E8DD251B769894004D3585 /* LILLogFormatter.m */; };
		85EC27E91B737EBD005BE4DF /* LILKit.h in Headers */ = {isa = PBXBuildFile; fileRef = 85EC27E81B737EBD005BE4DF /* LILKit.h */; settings = {ATTRIBUTES = (Public, ); }; };
		85EC27EF1B737EBE005BE4DF /* LILKit.framework in Frameworks */ = {isa = PBXBuildFile; fileRef = 85EC27E31B737EBD005BE4DF /* LILKit.framework */; };
		85EC28011B738004005BE4DF /* NSString+LILAdditions.h in Headers */ = {isa = PBXBuildFile; fileRef = 85EC27FF1B738004005BE4DF /* NSString+LILAdditions.h */; };
		85EC28021B738004005BE4DF /* NSString+LILAdditions.m in Sources */ = {isa = PBXBuildFile; fileRef = 85EC28001B738004005BE4DF /* NSString+LILAdditions.m */; };
		85F3C4851B7FD6D500DB424A /* LILLogFormatterTests.m in Sources */ = {isa = PBXBuildFile; fileRef = 85F3C4841B7FD6D500DB424A /* LILLogFormatterTests.m */; };
		85F3C4871B7FEBAA00DB424A /* LILFetchedResultsControllerDataSourceTests.m in Sources */ = {isa = PBXBuildFile; fileRef = 85F3C4861B7FEBAA00DB424A /* LILFetchedResultsControllerDataSourceTests.m */; };
		85F4A4561B74B2E100728A43 /* LILUTCDateTransformerTests.m in Sources */ = {isa = PBXBuildFile; fileRef = 85F4A4551B74B2E100728A43 /* LILUTCDateTransformerTests.m */; };
		85F4A4591B7658F700728A43 /* LILRFC3339DateTransformer.h in Headers */ = {isa = PBXBuildFile; fileRef = 85F4A4571B7658F700728A43 /* LILRFC3339DateTransformer.h */; };
		85F4A45A1B7658F700728A43 /* LILRFC3339DateTransformer.m in Sources */ = {isa = PBXBuildFile; fileRef = 85F4A4581B7658F700728A43 /* LILRFC3339DateTransformer.m */; };
		85F4A45C1B765E8F00728A43 /* LILRFC3339DateTransformerTests.m in Sources */ = {isa = PBXBuildFile; fileRef = 85F4A45B1B765E8F00728A43 /* LILRFC3339DateTransformerTests.m */; };
		85F741EA1B8278EF00E54C90 /* LILCoreDataStack.h in Headers */ = {isa = PBXBuildFile; fileRef = 85F741E81B8278EF00E54C90 /* LILCoreDataStack.h */; };
		85F741EB1B8278EF00E54C90 /* LILCoreDataStack.m in Sources */ = {isa = PBXBuildFile; fileRef = 85F741E91B8278EF00E54C90 /* LILCoreDataStack.m */; };
		85FAAAA41B7BDB0D00D901FA /* LICENSE in Resources */ = {isa = PBXBuildFile; fileRef = 85FAAAA01B7BDB0D00D901FA /* LICENSE */; };
		85FAAAA51B7BDB0D00D901FA /* LILKit.podspec in Resources */ = {isa = PBXBuildFile; fileRef = 85FAAAA11B7BDB0D00D901FA /* LILKit.podspec */; };
		85FAAAA61B7BDB0D00D901FA /* Podfile in Resources */ = {isa = PBXBuildFile; fileRef = 85FAAAA21B7BDB0D00D901FA /* Podfile */; };
		85FAAAA71B7BDB0D00D901FA /* README.md in Sources */ = {isa = PBXBuildFile; fileRef = 85FAAAA31B7BDB0D00D901FA /* README.md */; };
		E9E56C20F98102C282B324BB /* Pods_LILKitTests.framework in Frameworks */ = {isa = PBXBuildFile; fileRef = 971CCE6358724BC50CC59BFA /* Pods_LILKitTests.framework */; settings = {ATTRIBUTES = (Weak, ); }; };
/* End PBXBuildFile section */

/* Begin PBXContainerItemProxy section */
		85EC27F01B737EBE005BE4DF /* PBXContainerItemProxy */ = {
			isa = PBXContainerItemProxy;
			containerPortal = 85EC27DA1B737EBD005BE4DF /* Project object */;
			proxyType = 1;
			remoteGlobalIDString = 85EC27E21B737EBD005BE4DF;
			remoteInfo = LILKit;
		};
/* End PBXContainerItemProxy section */

/* Begin PBXFileReference section */
		344ACA60245CD564BC45FCD6 /* Pods-LILKitTests.release.xcconfig */ = {isa = PBXFileReference; includeInIndex = 1; lastKnownFileType = text.xcconfig; name = "Pods-LILKitTests.release.xcconfig"; path = "Pods/Target Support Files/Pods-LILKitTests/Pods-LILKitTests.release.xcconfig"; sourceTree = "<group>"; };
		579B9FDAFCA5A11FC2A0B252 /* Pods-LILKit.debug.xcconfig */ = {isa = PBXFileReference; includeInIndex = 1; lastKnownFileType = text.xcconfig; name = "Pods-LILKit.debug.xcconfig"; path = "Pods/Target Support Files/Pods-LILKit/Pods-LILKit.debug.xcconfig"; sourceTree = "<group>"; };
		852468871BA43C460076E8A4 /* LILMutableArrayDataSource.h */ = {isa = PBXFileReference; fileEncoding = 4; lastKnownFileType = sourcecode.c.h; name = LILMutableArrayDataSource.h; path = delegates/LILMutableArrayDataSource.h; sourceTree = "<group>"; };
		852468881BA43C460076E8A4 /* LILMutableArrayDataSource.m */ = {isa = PBXFileReference; fileEncoding = 4; lastKnownFileType = sourcecode.c.objc; name = LILMutableArrayDataSource.m; path = delegates/LILMutableArrayDataSource.m; sourceTree = "<group>"; };
		8524688B1BA442000076E8A4 /* LILMutableArrayDataSourceTests.m */ = {isa = PBXFileReference; fileEncoding = 4; lastKnownFileType = sourcecode.c.objc; path = LILMutableArrayDataSourceTests.m; sourceTree = "<group>"; };
		858B29201B89E1970052F05B /* LILStringBoolTransformer.h */ = {isa = PBXFileReference; fileEncoding = 4; lastKnownFileType = sourcecode.c.h; name = LILStringBoolTransformer.h; path = transformers/LILStringBoolTransformer.h; sourceTree = "<group>"; };
		858B29211B89E1970052F05B /* LILStringBoolTransformer.m */ = {isa = PBXFileReference; fileEncoding = 4; lastKnownFileType = sourcecode.c.objc; name = LILStringBoolTransformer.m; path = transformers/LILStringBoolTransformer.m; sourceTree = "<group>"; };
		858B29241B89E8CD0052F05B /* LILStringBoolTransformerTests.m */ = {isa = PBXFileReference; fileEncoding = 4; lastKnownFileType = sourcecode.c.objc; path = LILStringBoolTransformerTests.m; sourceTree = "<group>"; };
		859156DA1BA366A800664445 /* LILDataSource.h */ = {isa = PBXFileReference; fileEncoding = 4; lastKnownFileType = sourcecode.c.h; name = LILDataSource.h; path = delegates/LILDataSource.h; sourceTree = "<group>"; };
		859156DB1BA366A800664445 /* LILDataSource.m */ = {isa = PBXFileReference; fileEncoding = 4; lastKnownFileType = sourcecode.c.objc; name = LILDataSource.m; path = delegates/LILDataSource.m; sourceTree = "<group>"; };
		85AD21211B7E9FD900B9D09E /* LILFetchedResultsControllerDataSource.h */ = {isa = PBXFileReference; fileEncoding = 4; lastKnownFileType = sourcecode.c.h; name = LILFetchedResultsControllerDataSource.h; path = delegates/LILFetchedResultsControllerDataSource.h; sourceTree = "<group>"; };
		85AD21221B7E9FD900B9D09E /* LILFetchedResultsControllerDataSource.m */ = {isa = PBXFileReference; fileEncoding = 4; lastKnownFileType = sourcecode.c.objc; name = LILFetchedResultsControllerDataSource.m; path = delegates/LILFetchedResultsControllerDataSource.m; sourceTree = "<group>"; };
		85AD21261B7EA04400B9D09E /* CoreData.framework */ = {isa = PBXFileReference; lastKnownFileType = wrapper.framework; name = CoreData.framework; path = System/Library/Frameworks/CoreData.framework; sourceTree = SDKROOT; };
		85AFCBB81B83564500411AA5 /* LILCoreDataStackTests.m */ = {isa = PBXFileReference; fileEncoding = 4; lastKnownFileType = sourcecode.c.objc; path = LILCoreDataStackTests.m; sourceTree = "<group>"; };
		85B61FE81B73A65E00B935AE /* LILNSStringAdditionsTests.m */ = {isa = PBXFileReference; fileEncoding = 4; lastKnownFileType = sourcecode.c.objc; path = LILNSStringAdditionsTests.m; sourceTree = "<group>"; };
		85B61FEB1B73F68D00B935AE /* LILUTCDateTransformer.h */ = {isa = PBXFileReference; fileEncoding = 4; lastKnownFileType = sourcecode.c.h; name = LILUTCDateTransformer.h; path = transformers/LILUTCDateTransformer.h; sourceTree = "<group>"; };
		85B61FEC1B73F68D00B935AE /* LILUTCDateTransformer.m */ = {isa = PBXFileReference; fileEncoding = 4; lastKnownFileType = sourcecode.c.objc; name = LILUTCDateTransformer.m; path = transformers/LILUTCDateTransformer.m; sourceTree = "<group>"; };
		85E8DD241B769894004D3585 /* LILLogFormatter.h */ = {isa = PBXFileReference; fileEncoding = 4; lastKnownFileType = sourcecode.c.h; name = LILLogFormatter.h; path = utilities/LILLogFormatter.h; sourceTree = "<group>"; };
		85E8DD251B769894004D3585 /* LILLogFormatter.m */ = {isa = PBXFileReference; fileEncoding = 4; lastKnownFileType = sourcecode.c.objc; name = LILLogFormatter.m; path = utilities/LILLogFormatter.m; sourceTree = "<group>"; };
		85EC27E31B737EBD005BE4DF /* LILKit.framework */ = {isa = PBXFileReference; explicitFileType = wrapper.framework; includeInIndex = 0; path = LILKit.framework; sourceTree = BUILT_PRODUCTS_DIR; };
		85EC27E71B737EBD005BE4DF /* Info.plist */ = {isa = PBXFileReference; lastKnownFileType = text.plist.xml; path = Info.plist; sourceTree = "<group>"; };
		85EC27E81B737EBD005BE4DF /* LILKit.h */ = {isa = PBXFileReference; lastKnownFileType = sourcecode.c.h; path = LILKit.h; sourceTree = "<group>"; };
		85EC27EE1B737EBE005BE4DF /* LILKitTests.xctest */ = {isa = PBXFileReference; explicitFileType = wrapper.cfbundle; includeInIndex = 0; path = LILKitTests.xctest; sourceTree = BUILT_PRODUCTS_DIR; };
		85EC27F41B737EBE005BE4DF /* Info.plist */ = {isa = PBXFileReference; lastKnownFileType = text.plist.xml; path = Info.plist; sourceTree = "<group>"; };
		85EC27FF1B738004005BE4DF /* NSString+LILAdditions.h */ = {isa = PBXFileReference; fileEncoding = 4; lastKnownFileType = sourcecode.c.h; name = "NSString+LILAdditions.h"; path = "categories/NSString+LILAdditions.h"; sourceTree = "<group>"; };
		85EC28001B738004005BE4DF /* NSString+LILAdditions.m */ = {isa = PBXFileReference; fileEncoding = 4; lastKnownFileType = sourcecode.c.objc; name = "NSString+LILAdditions.m"; path = "categories/NSString+LILAdditions.m"; sourceTree = "<group>"; };
		85F3C4841B7FD6D500DB424A /* LILLogFormatterTests.m */ = {isa = PBXFileReference; fileEncoding = 4; lastKnownFileType = sourcecode.c.objc; path = LILLogFormatterTests.m; sourceTree = "<group>"; };
		85F3C4861B7FEBAA00DB424A /* LILFetchedResultsControllerDataSourceTests.m */ = {isa = PBXFileReference; fileEncoding = 4; lastKnownFileType = sourcecode.c.objc; path = LILFetchedResultsControllerDataSourceTests.m; sourceTree = "<group>"; };
		85F4A4551B74B2E100728A43 /* LILUTCDateTransformerTests.m */ = {isa = PBXFileReference; fileEncoding = 4; lastKnownFileType = sourcecode.c.objc; path = LILUTCDateTransformerTests.m; sourceTree = "<group>"; };
		85F4A4571B7658F700728A43 /* LILRFC3339DateTransformer.h */ = {isa = PBXFileReference; fileEncoding = 4; lastKnownFileType = sourcecode.c.h; name = LILRFC3339DateTransformer.h; path = transformers/LILRFC3339DateTransformer.h; sourceTree = "<group>"; };
		85F4A4581B7658F700728A43 /* LILRFC3339DateTransformer.m */ = {isa = PBXFileReference; fileEncoding = 4; lastKnownFileType = sourcecode.c.objc; name = LILRFC3339DateTransformer.m; path = transformers/LILRFC3339DateTransformer.m; sourceTree = "<group>"; };
		85F4A45B1B765E8F00728A43 /* LILRFC3339DateTransformerTests.m */ = {isa = PBXFileReference; fileEncoding = 4; lastKnownFileType = sourcecode.c.objc; path = LILRFC3339DateTransformerTests.m; sourceTree = "<group>"; };
		85F741E81B8278EF00E54C90 /* LILCoreDataStack.h */ = {isa = PBXFileReference; fileEncoding = 4; lastKnownFileType = sourcecode.c.h; name = LILCoreDataStack.h; path = services/LILCoreDataStack.h; sourceTree = "<group>"; };
		85F741E91B8278EF00E54C90 /* LILCoreDataStack.m */ = {isa = PBXFileReference; fileEncoding = 4; lastKnownFileType = sourcecode.c.objc; name = LILCoreDataStack.m; path = services/LILCoreDataStack.m; sourceTree = "<group>"; };
		85FAAAA01B7BDB0D00D901FA /* LICENSE */ = {isa = PBXFileReference; fileEncoding = 4; lastKnownFileType = text; name = LICENSE; path = ../LICENSE; sourceTree = "<group>"; };
		85FAAAA11B7BDB0D00D901FA /* LILKit.podspec */ = {isa = PBXFileReference; fileEncoding = 4; lastKnownFileType = text; path = LILKit.podspec; sourceTree = SOURCE_ROOT; };
		85FAAAA21B7BDB0D00D901FA /* Podfile */ = {isa = PBXFileReference; fileEncoding = 4; lastKnownFileType = text; name = Podfile; path = ../Podfile; sourceTree = "<group>"; };
		85FAAAA31B7BDB0D00D901FA /* README.md */ = {isa = PBXFileReference; fileEncoding = 4; lastKnownFileType = net.daringfireball.markdown; name = README.md; path = ../README.md; sourceTree = "<group>"; };
		971CCE6358724BC50CC59BFA /* Pods_LILKitTests.framework */ = {isa = PBXFileReference; explicitFileType = wrapper.framework; includeInIndex = 0; path = Pods_LILKitTests.framework; sourceTree = BUILT_PRODUCTS_DIR; };
		A527607B9F415A1AE3616E89 /* Pods-LILKit.release.xcconfig */ = {isa = PBXFileReference; includeInIndex = 1; lastKnownFileType = text.xcconfig; name = "Pods-LILKit.release.xcconfig"; path = "Pods/Target Support Files/Pods-LILKit/Pods-LILKit.release.xcconfig"; sourceTree = "<group>"; };
		C598F1F06D6076198DAF7938 /* Pods-LILKitTests.debug.xcconfig */ = {isa = PBXFileReference; includeInIndex = 1; lastKnownFileType = text.xcconfig; name = "Pods-LILKitTests.debug.xcconfig"; path = "Pods/Target Support Files/Pods-LILKitTests/Pods-LILKitTests.debug.xcconfig"; sourceTree = "<group>"; };
		DD916D9309B46DF15266052E /* Pods_LILKit.framework */ = {isa = PBXFileReference; explicitFileType = wrapper.framework; includeInIndex = 0; path = Pods_LILKit.framework; sourceTree = BUILT_PRODUCTS_DIR; };
/* End PBXFileReference section */

/* Begin PBXFrameworksBuildPhase section */
		85EC27DF1B737EBD005BE4DF /* Frameworks */ = {
			isa = PBXFrameworksBuildPhase;
			buildActionMask = 2147483647;
			files = (
				85AD21271B7EA04400B9D09E /* CoreData.framework in Frameworks */,
				62E4E4DCD842B96A64352F3A /* Pods_LILKit.framework in Frameworks */,
			);
			runOnlyForDeploymentPostprocessing = 0;
		};
		85EC27EB1B737EBE005BE4DF /* Frameworks */ = {
			isa = PBXFrameworksBuildPhase;
			buildActionMask = 2147483647;
			files = (
				85EC27EF1B737EBE005BE4DF /* LILKit.framework in Frameworks */,
				E9E56C20F98102C282B324BB /* Pods_LILKitTests.framework in Frameworks */,
			);
			runOnlyForDeploymentPostprocessing = 0;
		};
/* End PBXFrameworksBuildPhase section */

/* Begin PBXGroup section */
		0E0EBA98D1081C9B55A8B8E6 /* Pods */ = {
			isa = PBXGroup;
			children = (
				579B9FDAFCA5A11FC2A0B252 /* Pods-LILKit.debug.xcconfig */,
				A527607B9F415A1AE3616E89 /* Pods-LILKit.release.xcconfig */,
				C598F1F06D6076198DAF7938 /* Pods-LILKitTests.debug.xcconfig */,
				344ACA60245CD564BC45FCD6 /* Pods-LILKitTests.release.xcconfig */,
			);
			name = Pods;
			sourceTree = "<group>";
		};
		68E268C66038FE822F9ADA4A /* Frameworks */ = {
			isa = PBXGroup;
			children = (
				85AD21261B7EA04400B9D09E /* CoreData.framework */,
				DD916D9309B46DF15266052E /* Pods_LILKit.framework */,
				971CCE6358724BC50CC59BFA /* Pods_LILKitTests.framework */,
			);
			name = Frameworks;
			sourceTree = "<group>";
		};
		85AD21251B7E9FE200B9D09E /* delegates */ = {
			isa = PBXGroup;
			children = (
				859156DA1BA366A800664445 /* LILDataSource.h */,
				859156DB1BA366A800664445 /* LILDataSource.m */,
				85AD21211B7E9FD900B9D09E /* LILFetchedResultsControllerDataSource.h */,
				85AD21221B7E9FD900B9D09E /* LILFetchedResultsControllerDataSource.m */,
				852468871BA43C460076E8A4 /* LILMutableArrayDataSource.h */,
				852468881BA43C460076E8A4 /* LILMutableArrayDataSource.m */,
			);
			name = delegates;
			sourceTree = "<group>";
		};
		85B61FEF1B73F69400B935AE /* transformers */ = {
			isa = PBXGroup;
			children = (
				85B61FEB1B73F68D00B935AE /* LILUTCDateTransformer.h */,
				85B61FEC1B73F68D00B935AE /* LILUTCDateTransformer.m */,
				85F4A4571B7658F700728A43 /* LILRFC3339DateTransformer.h */,
				85F4A4581B7658F700728A43 /* LILRFC3339DateTransformer.m */,
				858B29201B89E1970052F05B /* LILStringBoolTransformer.h */,
				858B29211B89E1970052F05B /* LILStringBoolTransformer.m */,
			);
			name = transformers;
			sourceTree = "<group>";
		};
		85E8DD281B76989D004D3585 /* utilities */ = {
			isa = PBXGroup;
			children = (
				85E8DD241B769894004D3585 /* LILLogFormatter.h */,
				85E8DD251B769894004D3585 /* LILLogFormatter.m */,
			);
			name = utilities;
			sourceTree = "<group>";
		};
		85EC27D91B737EBD005BE4DF = {
			isa = PBXGroup;
			children = (
				85EC27E51B737EBD005BE4DF /* LILKit */,
				85EC27F21B737EBE005BE4DF /* LILKitTests */,
				85EC27E41B737EBD005BE4DF /* Products */,
				0E0EBA98D1081C9B55A8B8E6 /* Pods */,
				68E268C66038FE822F9ADA4A /* Frameworks */,
			);
			sourceTree = "<group>";
		};
		85EC27E41B737EBD005BE4DF /* Products */ = {
			isa = PBXGroup;
			children = (
				85EC27E31B737EBD005BE4DF /* LILKit.framework */,
				85EC27EE1B737EBE005BE4DF /* LILKitTests.xctest */,
			);
			name = Products;
			sourceTree = "<group>";
		};
		85EC27E51B737EBD005BE4DF /* LILKit */ = {
			isa = PBXGroup;
			children = (
				85F741EC1B82790A00E54C90 /* services */,
				85AD21251B7E9FE200B9D09E /* delegates */,
				85EC28031B73800A005BE4DF /* categories */,
				85B61FEF1B73F69400B935AE /* transformers */,
				85E8DD281B76989D004D3585 /* utilities */,
				85EC27E81B737EBD005BE4DF /* LILKit.h */,
				85EC27E61B737EBD005BE4DF /* Supporting Files */,
			);
			path = LILKit;
			sourceTree = "<group>";
		};
		85EC27E61B737EBD005BE4DF /* Supporting Files */ = {
			isa = PBXGroup;
			children = (
				85FAAAA01B7BDB0D00D901FA /* LICENSE */,
				85FAAAA11B7BDB0D00D901FA /* LILKit.podspec */,
				85FAAAA21B7BDB0D00D901FA /* Podfile */,
				85FAAAA31B7BDB0D00D901FA /* README.md */,
				85EC27E71B737EBD005BE4DF /* Info.plist */,
			);
			name = "Supporting Files";
			sourceTree = "<group>";
		};
		85EC27F21B737EBE005BE4DF /* LILKitTests */ = {
			isa = PBXGroup;
			children = (
				8524688B1BA442000076E8A4 /* LILMutableArrayDataSourceTests.m */,
				858B29241B89E8CD0052F05B /* LILStringBoolTransformerTests.m */,
				85AFCBB81B83564500411AA5 /* LILCoreDataStackTests.m */,
				85F3C4861B7FEBAA00DB424A /* LILFetchedResultsControllerDataSourceTests.m */,
				85F3C4841B7FD6D500DB424A /* LILLogFormatterTests.m */,
				85F4A45B1B765E8F00728A43 /* LILRFC3339DateTransformerTests.m */,
				85F4A4551B74B2E100728A43 /* LILUTCDateTransformerTests.m */,
				85B61FE81B73A65E00B935AE /* LILNSStringAdditionsTests.m */,
				85EC27F31B737EBE005BE4DF /* Supporting Files */,
			);
			path = LILKitTests;
			sourceTree = "<group>";
		};
		85EC27F31B737EBE005BE4DF /* Supporting Files */ = {
			isa = PBXGroup;
			children = (
				85EC27F41B737EBE005BE4DF /* Info.plist */,
			);
			name = "Supporting Files";
			sourceTree = "<group>";
		};
		85EC28031B73800A005BE4DF /* categories */ = {
			isa = PBXGroup;
			children = (
				85EC27FF1B738004005BE4DF /* NSString+LILAdditions.h */,
				85EC28001B738004005BE4DF /* NSString+LILAdditions.m */,
			);
			name = categories;
			sourceTree = "<group>";
		};
		85F741EC1B82790A00E54C90 /* services */ = {
			isa = PBXGroup;
			children = (
				85F741E81B8278EF00E54C90 /* LILCoreDataStack.h */,
				85F741E91B8278EF00E54C90 /* LILCoreDataStack.m */,
			);
			name = services;
			sourceTree = "<group>";
		};
/* End PBXGroup section */

/* Begin PBXHeadersBuildPhase section */
		85EC27E01B737EBD005BE4DF /* Headers */ = {
			isa = PBXHeadersBuildPhase;
			buildActionMask = 2147483647;
			files = (
				85F741EA1B8278EF00E54C90 /* LILCoreDataStack.h in Headers */,
				85AD21231B7E9FD900B9D09E /* LILFetchedResultsControllerDataSource.h in Headers */,
				85F4A4591B7658F700728A43 /* LILRFC3339DateTransformer.h in Headers */,
				852468891BA43C460076E8A4 /* LILMutableArrayDataSource.h in Headers */,
				859156DC1BA366A800664445 /* LILDataSource.h in Headers */,
				85EC28011B738004005BE4DF /* NSString+LILAdditions.h in Headers */,
				85B61FED1B73F68D00B935AE /* LILUTCDateTransformer.h in Headers */,
				85EC27E91B737EBD005BE4DF /* LILKit.h in Headers */,
				85E8DD261B769894004D3585 /* LILLogFormatter.h in Headers */,
				858B29221B89E1970052F05B /* LILStringBoolTransformer.h in Headers */,
			);
			runOnlyForDeploymentPostprocessing = 0;
		};
/* End PBXHeadersBuildPhase section */

/* Begin PBXNativeTarget section */
		85EC27E21B737EBD005BE4DF /* LILKit */ = {
			isa = PBXNativeTarget;
			buildConfigurationList = 85EC27F91B737EBE005BE4DF /* Build configuration list for PBXNativeTarget "LILKit" */;
			buildPhases = (
				0CD5FE744C2353D46FD4D36D /* Check Pods Manifest.lock */,
				85EC27DE1B737EBD005BE4DF /* Sources */,
				85EC27DF1B737EBD005BE4DF /* Frameworks */,
				85EC27E01B737EBD005BE4DF /* Headers */,
				85EC27E11B737EBD005BE4DF /* Resources */,
				1093D699AB2465681B53A0AB /* Copy Pods Resources */,
			);
			buildRules = (
			);
			dependencies = (
			);
			name = LILKit;
			productName = LILKit;
			productReference = 85EC27E31B737EBD005BE4DF /* LILKit.framework */;
			productType = "com.apple.product-type.framework";
		};
		85EC27ED1B737EBE005BE4DF /* LILKitTests */ = {
			isa = PBXNativeTarget;
			buildConfigurationList = 85EC27FC1B737EBE005BE4DF /* Build configuration list for PBXNativeTarget "LILKitTests" */;
			buildPhases = (
				08B52EEF77AFB28F7C734930 /* Check Pods Manifest.lock */,
				85EC27EA1B737EBE005BE4DF /* Sources */,
				85EC27EB1B737EBE005BE4DF /* Frameworks */,
				85EC27EC1B737EBE005BE4DF /* Resources */,
				924D11A5C8EEC7E8961F3E37 /* Embed Pods Frameworks */,
				E96D4777D6D77976232648CE /* Copy Pods Resources */,
			);
			buildRules = (
			);
			dependencies = (
				85EC27F11B737EBE005BE4DF /* PBXTargetDependency */,
			);
			name = LILKitTests;
			productName = LILKitTests;
			productReference = 85EC27EE1B737EBE005BE4DF /* LILKitTests.xctest */;
			productType = "com.apple.product-type.bundle.unit-test";
		};
/* End PBXNativeTarget section */

/* Begin PBXProject section */
		85EC27DA1B737EBD005BE4DF /* Project object */ = {
			isa = PBXProject;
			attributes = {
				LastUpgradeCheck = 0640;
				ORGANIZATIONNAME = "August Hovland";
				TargetAttributes = {
					85EC27E21B737EBD005BE4DF = {
						CreatedOnToolsVersion = 6.4;
					};
					85EC27ED1B737EBE005BE4DF = {
						CreatedOnToolsVersion = 6.4;
					};
				};
			};
			buildConfigurationList = 85EC27DD1B737EBD005BE4DF /* Build configuration list for PBXProject "LILKit" */;
			compatibilityVersion = "Xcode 3.2";
			developmentRegion = English;
			hasScannedForEncodings = 0;
			knownRegions = (
				en,
			);
			mainGroup = 85EC27D91B737EBD005BE4DF;
			productRefGroup = 85EC27E41B737EBD005BE4DF /* Products */;
			projectDirPath = "";
			projectRoot = "";
			targets = (
				85EC27E21B737EBD005BE4DF /* LILKit */,
				85EC27ED1B737EBE005BE4DF /* LILKitTests */,
			);
		};
/* End PBXProject section */

/* Begin PBXResourcesBuildPhase section */
		85EC27E11B737EBD005BE4DF /* Resources */ = {
			isa = PBXResourcesBuildPhase;
			buildActionMask = 2147483647;
			files = (
				85FAAAA61B7BDB0D00D901FA /* Podfile in Resources */,
				85FAAAA41B7BDB0D00D901FA /* LICENSE in Resources */,
				85FAAAA51B7BDB0D00D901FA /* LILKit.podspec in Resources */,
			);
			runOnlyForDeploymentPostprocessing = 0;
		};
		85EC27EC1B737EBE005BE4DF /* Resources */ = {
			isa = PBXResourcesBuildPhase;
			buildActionMask = 2147483647;
			files = (
			);
			runOnlyForDeploymentPostprocessing = 0;
		};
/* End PBXResourcesBuildPhase section */

/* Begin PBXShellScriptBuildPhase section */
		08B52EEF77AFB28F7C734930 /* Check Pods Manifest.lock */ = {
			isa = PBXShellScriptBuildPhase;
			buildActionMask = 2147483647;
			files = (
			);
			inputPaths = (
			);
			name = "Check Pods Manifest.lock";
			outputPaths = (
			);
			runOnlyForDeploymentPostprocessing = 0;
			shellPath = /bin/sh;
			shellScript = "diff \"${PODS_ROOT}/../Podfile.lock\" \"${PODS_ROOT}/Manifest.lock\" > /dev/null\nif [[ $? != 0 ]] ; then\n    cat << EOM\nerror: The sandbox is not in sync with the Podfile.lock. Run 'pod install' or update your CocoaPods installation.\nEOM\n    exit 1\nfi\n";
			showEnvVarsInLog = 0;
		};
		0CD5FE744C2353D46FD4D36D /* Check Pods Manifest.lock */ = {
			isa = PBXShellScriptBuildPhase;
			buildActionMask = 2147483647;
			files = (
			);
			inputPaths = (
			);
			name = "Check Pods Manifest.lock";
			outputPaths = (
			);
			runOnlyForDeploymentPostprocessing = 0;
			shellPath = /bin/sh;
			shellScript = "diff \"${PODS_ROOT}/../Podfile.lock\" \"${PODS_ROOT}/Manifest.lock\" > /dev/null\nif [[ $? != 0 ]] ; then\n    cat << EOM\nerror: The sandbox is not in sync with the Podfile.lock. Run 'pod install' or update your CocoaPods installation.\nEOM\n    exit 1\nfi\n";
			showEnvVarsInLog = 0;
		};
		1093D699AB2465681B53A0AB /* Copy Pods Resources */ = {
			isa = PBXShellScriptBuildPhase;
			buildActionMask = 2147483647;
			files = (
			);
			inputPaths = (
			);
			name = "Copy Pods Resources";
			outputPaths = (
			);
			runOnlyForDeploymentPostprocessing = 0;
			shellPath = /bin/sh;
			shellScript = "\"${SRCROOT}/Pods/Target Support Files/Pods-LILKit/Pods-LILKit-resources.sh\"\n";
			showEnvVarsInLog = 0;
		};
		924D11A5C8EEC7E8961F3E37 /* Embed Pods Frameworks */ = {
			isa = PBXShellScriptBuildPhase;
			buildActionMask = 2147483647;
			files = (
			);
			inputPaths = (
			);
			name = "Embed Pods Frameworks";
			outputPaths = (
			);
			runOnlyForDeploymentPostprocessing = 0;
			shellPath = /bin/sh;
			shellScript = "\"${SRCROOT}/Pods/Target Support Files/Pods-LILKitTests/Pods-LILKitTests-frameworks.sh\"\n";
			showEnvVarsInLog = 0;
		};
		E96D4777D6D77976232648CE /* Copy Pods Resources */ = {
			isa = PBXShellScriptBuildPhase;
			buildActionMask = 2147483647;
			files = (
			);
			inputPaths = (
			);
			name = "Copy Pods Resources";
			outputPaths = (
			);
			runOnlyForDeploymentPostprocessing = 0;
			shellPath = /bin/sh;
			shellScript = "\"${SRCROOT}/Pods/Target Support Files/Pods-LILKitTests/Pods-LILKitTests-resources.sh\"\n";
			showEnvVarsInLog = 0;
		};
/* End PBXShellScriptBuildPhase section */

/* Begin PBXSourcesBuildPhase section */
		85EC27DE1B737EBD005BE4DF /* Sources */ = {
			isa = PBXSourcesBuildPhase;
			buildActionMask = 2147483647;
			files = (
				85B61FEE1B73F68D00B935AE /* LILUTCDateTransformer.m in Sources */,
				85F4A45A1B7658F700728A43 /* LILRFC3339DateTransformer.m in Sources */,
				85FAAAA71B7BDB0D00D901FA /* README.md in Sources */,
				859156DD1BA366A800664445 /* LILDataSource.m in Sources */,
				85F741EB1B8278EF00E54C90 /* LILCoreDataStack.m in Sources */,
				858B29231B89E1970052F05B /* LILStringBoolTransformer.m in Sources */,
				85AD21241B7E9FD900B9D09E /* LILFetchedResultsControllerDataSource.m in Sources */,
				85EC28021B738004005BE4DF /* NSString+LILAdditions.m in Sources */,
				8524688A1BA43C460076E8A4 /* LILMutableArrayDataSource.m in Sources */,
				85E8DD271B769894004D3585 /* LILLogFormatter.m in Sources */,
			);
			runOnlyForDeploymentPostprocessing = 0;
		};
		85EC27EA1B737EBE005BE4DF /* Sources */ = {
			isa = PBXSourcesBuildPhase;
			buildActionMask = 2147483647;
			files = (
				858B29251B89E8CD0052F05B /* LILStringBoolTransformerTests.m in Sources */,
				85F4A4561B74B2E100728A43 /* LILUTCDateTransformerTests.m in Sources */,
				85AFCBB91B83564500411AA5 /* LILCoreDataStackTests.m in Sources */,
				85F4A45C1B765E8F00728A43 /* LILRFC3339DateTransformerTests.m in Sources */,
				85B61FE91B73A65E00B935AE /* LILNSStringAdditionsTests.m in Sources */,
				85F3C4851B7FD6D500DB424A /* LILLogFormatterTests.m in Sources */,
				8524688C1BA442000076E8A4 /* LILMutableArrayDataSourceTests.m in Sources */,
				85F3C4871B7FEBAA00DB424A /* LILFetchedResultsControllerDataSourceTests.m in Sources */,
			);
			runOnlyForDeploymentPostprocessing = 0;
		};
/* End PBXSourcesBuildPhase section */

/* Begin PBXTargetDependency section */
		85EC27F11B737EBE005BE4DF /* PBXTargetDependency */ = {
			isa = PBXTargetDependency;
			target = 85EC27E21B737EBD005BE4DF /* LILKit */;
			targetProxy = 85EC27F01B737EBE005BE4DF /* PBXContainerItemProxy */;
		};
/* End PBXTargetDependency section */

/* Begin XCBuildConfiguration section */
		85EC27F71B737EBE005BE4DF /* Debug */ = {
			isa = XCBuildConfiguration;
			buildSettings = {
				ALWAYS_SEARCH_USER_PATHS = NO;
				CLANG_CXX_LANGUAGE_STANDARD = "gnu++0x";
				CLANG_CXX_LIBRARY = "libc++";
				CLANG_ENABLE_MODULES = YES;
				CLANG_ENABLE_OBJC_ARC = YES;
				CLANG_WARN_BOOL_CONVERSION = YES;
				CLANG_WARN_CONSTANT_CONVERSION = YES;
				CLANG_WARN_DIRECT_OBJC_ISA_USAGE = YES_ERROR;
				CLANG_WARN_EMPTY_BODY = YES;
				CLANG_WARN_ENUM_CONVERSION = YES;
				CLANG_WARN_INT_CONVERSION = YES;
				CLANG_WARN_OBJC_ROOT_CLASS = YES_ERROR;
				CLANG_WARN_UNREACHABLE_CODE = YES;
				CLANG_WARN__DUPLICATE_METHOD_MATCH = YES;
				"CODE_SIGN_IDENTITY[sdk=iphoneos*]" = "iPhone Developer";
				COPY_PHASE_STRIP = NO;
				CURRENT_PROJECT_VERSION = 1;
				DEBUG_INFORMATION_FORMAT = "dwarf-with-dsym";
				ENABLE_STRICT_OBJC_MSGSEND = YES;
				GCC_C_LANGUAGE_STANDARD = gnu99;
				GCC_DYNAMIC_NO_PIC = NO;
				GCC_NO_COMMON_BLOCKS = YES;
				GCC_OPTIMIZATION_LEVEL = 0;
				GCC_PREPROCESSOR_DEFINITIONS = (
					"DEBUG=1",
					"$(inherited)",
				);
				GCC_SYMBOLS_PRIVATE_EXTERN = NO;
				GCC_WARN_64_TO_32_BIT_CONVERSION = YES;
				GCC_WARN_ABOUT_RETURN_TYPE = YES_ERROR;
				GCC_WARN_UNDECLARED_SELECTOR = YES;
				GCC_WARN_UNINITIALIZED_AUTOS = YES_AGGRESSIVE;
				GCC_WARN_UNUSED_FUNCTION = YES;
				GCC_WARN_UNUSED_VARIABLE = YES;
				IPHONEOS_DEPLOYMENT_TARGET = 8.4;
				MTL_ENABLE_DEBUG_INFO = YES;
				ONLY_ACTIVE_ARCH = YES;
				SDKROOT = iphoneos;
				TARGETED_DEVICE_FAMILY = "1,2";
				VERSIONING_SYSTEM = "apple-generic";
				VERSION_INFO_PREFIX = "";
			};
			name = Debug;
		};
		85EC27F81B737EBE005BE4DF /* Release */ = {
			isa = XCBuildConfiguration;
			buildSettings = {
				ALWAYS_SEARCH_USER_PATHS = NO;
				CLANG_CXX_LANGUAGE_STANDARD = "gnu++0x";
				CLANG_CXX_LIBRARY = "libc++";
				CLANG_ENABLE_MODULES = YES;
				CLANG_ENABLE_OBJC_ARC = YES;
				CLANG_WARN_BOOL_CONVERSION = YES;
				CLANG_WARN_CONSTANT_CONVERSION = YES;
				CLANG_WARN_DIRECT_OBJC_ISA_USAGE = YES_ERROR;
				CLANG_WARN_EMPTY_BODY = YES;
				CLANG_WARN_ENUM_CONVERSION = YES;
				CLANG_WARN_INT_CONVERSION = YES;
				CLANG_WARN_OBJC_ROOT_CLASS = YES_ERROR;
				CLANG_WARN_UNREACHABLE_CODE = YES;
				CLANG_WARN__DUPLICATE_METHOD_MATCH = YES;
				"CODE_SIGN_IDENTITY[sdk=iphoneos*]" = "iPhone Developer";
				COPY_PHASE_STRIP = NO;
				CURRENT_PROJECT_VERSION = 1;
				DEBUG_INFORMATION_FORMAT = "dwarf-with-dsym";
				ENABLE_NS_ASSERTIONS = NO;
				ENABLE_STRICT_OBJC_MSGSEND = YES;
				GCC_C_LANGUAGE_STANDARD = gnu99;
				GCC_NO_COMMON_BLOCKS = YES;
				GCC_WARN_64_TO_32_BIT_CONVERSION = YES;
				GCC_WARN_ABOUT_RETURN_TYPE = YES_ERROR;
				GCC_WARN_UNDECLARED_SELECTOR = YES;
				GCC_WARN_UNINITIALIZED_AUTOS = YES_AGGRESSIVE;
				GCC_WARN_UNUSED_FUNCTION = YES;
				GCC_WARN_UNUSED_VARIABLE = YES;
				IPHONEOS_DEPLOYMENT_TARGET = 8.4;
				MTL_ENABLE_DEBUG_INFO = NO;
				SDKROOT = iphoneos;
				TARGETED_DEVICE_FAMILY = "1,2";
				VALIDATE_PRODUCT = YES;
				VERSIONING_SYSTEM = "apple-generic";
				VERSION_INFO_PREFIX = "";
			};
			name = Release;
		};
		85EC27FA1B737EBE005BE4DF /* Debug */ = {
			isa = XCBuildConfiguration;
			baseConfigurationReference = 579B9FDAFCA5A11FC2A0B252 /* Pods-LILKit.debug.xcconfig */;
			buildSettings = {
				DEFINES_MODULE = YES;
				DYLIB_COMPATIBILITY_VERSION = 1;
				DYLIB_CURRENT_VERSION = 1;
				DYLIB_INSTALL_NAME_BASE = "@rpath";
				INFOPLIST_FILE = LILKit/Info.plist;
				INSTALL_PATH = "$(LOCAL_LIBRARY_DIR)/Frameworks";
				LD_RUNPATH_SEARCH_PATHS = "$(inherited) @executable_path/Frameworks @loader_path/Frameworks";
				PRODUCT_NAME = "$(TARGET_NAME)";
				SKIP_INSTALL = YES;
			};
			name = Debug;
		};
		85EC27FB1B737EBE005BE4DF /* Release */ = {
			isa = XCBuildConfiguration;
			baseConfigurationReference = A527607B9F415A1AE3616E89 /* Pods-LILKit.release.xcconfig */;
			buildSettings = {
				DEFINES_MODULE = YES;
				DYLIB_COMPATIBILITY_VERSION = 1;
				DYLIB_CURRENT_VERSION = 1;
				DYLIB_INSTALL_NAME_BASE = "@rpath";
				INFOPLIST_FILE = LILKit/Info.plist;
				INSTALL_PATH = "$(LOCAL_LIBRARY_DIR)/Frameworks";
				LD_RUNPATH_SEARCH_PATHS = "$(inherited) @executable_path/Frameworks @loader_path/Frameworks";
				PRODUCT_NAME = "$(TARGET_NAME)";
				SKIP_INSTALL = YES;
			};
			name = Release;
		};
		85EC27FD1B737EBE005BE4DF /* Debug */ = {
			isa = XCBuildConfiguration;
			baseConfigurationReference = C598F1F06D6076198DAF7938 /* Pods-LILKitTests.debug.xcconfig */;
			buildSettings = {
				FRAMEWORK_SEARCH_PATHS = (
					"$(SDKROOT)/Developer/Library/Frameworks",
					"$(inherited)",
				);
				GCC_PREPROCESSOR_DEFINITIONS = (
					"DEBUG=1",
					"$(inherited)",
				);
				INFOPLIST_FILE = LILKitTests/Info.plist;
				LD_RUNPATH_SEARCH_PATHS = "$(inherited) @executable_path/Frameworks @loader_path/Frameworks";
				PRODUCT_NAME = "$(TARGET_NAME)";
			};
			name = Debug;
		};
		85EC27FE1B737EBE005BE4DF /* Release */ = {
			isa = XCBuildConfiguration;
			baseConfigurationReference = 344ACA60245CD564BC45FCD6 /* Pods-LILKitTests.release.xcconfig */;
			buildSettings = {
				FRAMEWORK_SEARCH_PATHS = (
					"$(SDKROOT)/Developer/Library/Frameworks",
					"$(inherited)",
				);
				INFOPLIST_FILE = LILKitTests/Info.plist;
				LD_RUNPATH_SEARCH_PATHS = "$(inherited) @executable_path/Frameworks @loader_path/Frameworks";
				PRODUCT_NAME = "$(TARGET_NAME)";
			};
			name = Release;
		};
/* End XCBuildConfiguration section */

/* Begin XCConfigurationList section */
		85EC27DD1B737EBD005BE4DF /* Build configuration list for PBXProject "LILKit" */ = {
			isa = XCConfigurationList;
			buildConfigurations = (
				85EC27F71B737EBE005BE4DF /* Debug */,
				85EC27F81B737EBE005BE4DF /* Release */,
			);
			defaultConfigurationIsVisible = 0;
			defaultConfigurationName = Release;
		};
		85EC27F91B737EBE005BE4DF /* Build configuration list for PBXNativeTarget "LILKit" */ = {
			isa = XCConfigurationList;
			buildConfigurations = (
				85EC27FA1B737EBE005BE4DF /* Debug */,
				85EC27FB1B737EBE005BE4DF /* Release */,
			);
			defaultConfigurationIsVisible = 0;
			defaultConfigurationName = Release;
		};
		85EC27FC1B737EBE005BE4DF /* Build configuration list for PBXNativeTarget "LILKitTests" */ = {
			isa = XCConfigurationList;
			buildConfigurations = (
				85EC27FD1B737EBE005BE4DF /* Debug */,
				85EC27FE1B737EBE005BE4DF /* Release */,
			);
			defaultConfigurationIsVisible = 0;
			defaultConfigurationName = Release;
		};
/* End XCConfigurationList section */
	};
	rootObject = 85EC27DA1B737EBD005BE4DF /* Project object */;
}
